
Microsoft Visual Studio Solution File, Format Version 12.00
# Visual Studio Version 17
VisualStudioVersion = 17.0.31903.59
MinimumVisualStudioVersion = 10.0.40219.1
Project("{9A19103F-16F7-4668-BE54-9A1E7A4F7556}") = "PersonalCollectionWebApp", "src\PersonalCollectionWebApp\PersonalCollectionWebApp.csproj", "{3B755CA6-0419-4C14-A060-734CB61AFC3E}"
EndProject
Project("{2150E333-8FDC-42A3-9474-1A3956D46DE8}") = "Presentation", "Presentation", "{D26E08AD-23A1-4CA2-88B1-5DAB11A515B4}"
EndProject
Project("{2150E333-8FDC-42A3-9474-1A3956D46DE8}") = "Core", "Core", "{5FC007C4-0D44-43B9-A530-644049AF2B88}"
EndProject
Project("{FAE04EC0-301F-11D3-BF4B-00C04F79EFBC}") = "PersonalCollection.Domain", "src\PersonalCollection.Domain\PersonalCollection.Domain.csproj", "{CCAD1978-2963-42B4-BC28-7D404A2E4329}"
EndProject
Project("{FAE04EC0-301F-11D3-BF4B-00C04F79EFBC}") = "PersonalCollection.Application", "src\PersonalCollection.Application\PersonalCollection.Application.csproj", "{9BF20A51-15A6-4742-88EF-447B8A96E3E0}"
EndProject
Project("{2150E333-8FDC-42A3-9474-1A3956D46DE8}") = "Infrastructure", "Infrastructure", "{3D08F100-5C96-484C-A85A-A35CA37AF74E}"
EndProject
Project("{FAE04EC0-301F-11D3-BF4B-00C04F79EFBC}") = "PersonalCollection.Persistence", "src\PersonalCollection.Persistence\PersonalCollection.Persistence.csproj", "{60211229-EACA-453A-8B6B-7FE524817CEC}"
EndProject
Global
	GlobalSection(SolutionConfigurationPlatforms) = preSolution
		Debug|Any CPU = Debug|Any CPU
		Release|Any CPU = Release|Any CPU
	EndGlobalSection
	GlobalSection(ProjectConfigurationPlatforms) = postSolution
		{3B755CA6-0419-4C14-A060-734CB61AFC3E}.Debug|Any CPU.ActiveCfg = Debug|Any CPU
		{3B755CA6-0419-4C14-A060-734CB61AFC3E}.Debug|Any CPU.Build.0 = Debug|Any CPU
		{3B755CA6-0419-4C14-A060-734CB61AFC3E}.Release|Any CPU.ActiveCfg = Release|Any CPU
		{3B755CA6-0419-4C14-A060-734CB61AFC3E}.Release|Any CPU.Build.0 = Release|Any CPU
		{CCAD1978-2963-42B4-BC28-7D404A2E4329}.Debug|Any CPU.ActiveCfg = Debug|Any CPU
		{CCAD1978-2963-42B4-BC28-7D404A2E4329}.Debug|Any CPU.Build.0 = Debug|Any CPU
		{CCAD1978-2963-42B4-BC28-7D404A2E4329}.Release|Any CPU.ActiveCfg = Release|Any CPU
		{CCAD1978-2963-42B4-BC28-7D404A2E4329}.Release|Any CPU.Build.0 = Release|Any CPU
		{9BF20A51-15A6-4742-88EF-447B8A96E3E0}.Debug|Any CPU.ActiveCfg = Debug|Any CPU
		{9BF20A51-15A6-4742-88EF-447B8A96E3E0}.Debug|Any CPU.Build.0 = Debug|Any CPU
		{9BF20A51-15A6-4742-88EF-447B8A96E3E0}.Release|Any CPU.ActiveCfg = Release|Any CPU
		{9BF20A51-15A6-4742-88EF-447B8A96E3E0}.Release|Any CPU.Build.0 = Release|Any CPU
		{60211229-EACA-453A-8B6B-7FE524817CEC}.Debug|Any CPU.ActiveCfg = Debug|Any CPU
		{60211229-EACA-453A-8B6B-7FE524817CEC}.Debug|Any CPU.Build.0 = Debug|Any CPU
		{60211229-EACA-453A-8B6B-7FE524817CEC}.Release|Any CPU.ActiveCfg = Release|Any CPU
		{60211229-EACA-453A-8B6B-7FE524817CEC}.Release|Any CPU.Build.0 = Release|Any CPU
	EndGlobalSection
	GlobalSection(SolutionProperties) = preSolution
		HideSolutionNode = FALSE
	EndGlobalSection
	GlobalSection(NestedProjects) = preSolution
		{3B755CA6-0419-4C14-A060-734CB61AFC3E} = {D26E08AD-23A1-4CA2-88B1-5DAB11A515B4}
		{CCAD1978-2963-42B4-BC28-7D404A2E4329} = {5FC007C4-0D44-43B9-A530-644049AF2B88}
		{9BF20A51-15A6-4742-88EF-447B8A96E3E0} = {5FC007C4-0D44-43B9-A530-644049AF2B88}
		{60211229-EACA-453A-8B6B-7FE524817CEC} = {3D08F100-5C96-484C-A85A-A35CA37AF74E}
	EndGlobalSection
	GlobalSection(ExtensibilityGlobals) = postSolution
		SolutionGuid = {55AF5B48-2588-4483-89BD-0CA6664DF7ED}
	EndGlobalSection
EndGlobal
